
Microsoft Visual Studio Solution File, Format Version 12.00
# Visual Studio Version 16
VisualStudioVersion = 16.0.29728.190
MinimumVisualStudioVersion = 10.0.40219.1
Project("{FAE04EC0-301F-11D3-BF4B-00C04F79EFBC}") = "MvcMovie", "MvcMovie.csproj", "{296AC7B0-8675-40C0-8A08-959972B3146E}"
EndProject
Global
	GlobalSection(SolutionConfigurationPlatforms) = preSolution
		Debug|Any CPU = Debug|Any CPU
		Release|Any CPU = Release|Any CPU
	EndGlobalSection
	GlobalSection(ProjectConfigurationPlatforms) = postSolution
		{296AC7B0-8675-40C0-8A08-959972B3146E}.Debug|Any CPU.ActiveCfg = Debug|Any CPU
		{296AC7B0-8675-40C0-8A08-959972B3146E}.Debug|Any CPU.Build.0 = Debug|Any CPU
		{296AC7B0-8675-40C0-8A08-959972B3146E}.Release|Any CPU.ActiveCfg = Release|Any CPU
		{296AC7B0-8675-40C0-8A08-959972B3146E}.Release|Any CPU.Build.0 = Release|Any CPU
	EndGlobalSection
	GlobalSection(SolutionProperties) = preSolution
		HideSolutionNode = FALSE
	EndGlobalSection
	GlobalSection(ExtensibilityGlobals) = postSolution
		SolutionGuid = {A48D1547-4871-4DB8-9ADE-09A0581281B6}
	EndGlobalSection
EndGlobal
